
Microsoft Visual Studio Solution File, Format Version 12.00
# Visual Studio Version 16
VisualStudioVersion = 16.0.30621.155
MinimumVisualStudioVersion = 10.0.40219.1
Project("{FAE04EC0-301F-11D3-BF4B-00C04F79EFBC}") = "WindowsFormsApp2", "WindowsFormsApp2\WindowsFormsApp2.csproj", "{6BFE4D55-8FE8-4797-AC87-1B44A8EC9E0C}"
EndProject
Global
	GlobalSection(SolutionConfigurationPlatforms) = preSolution
		Debug|Any CPU = Debug|Any CPU
		Release|Any CPU = Release|Any CPU
	EndGlobalSection
	GlobalSection(ProjectConfigurationPlatforms) = postSolution
		{6BFE4D55-8FE8-4797-AC87-1B44A8EC9E0C}.Debug|Any CPU.ActiveCfg = Debug|Any CPU
		{6BFE4D55-8FE8-4797-AC87-1B44A8EC9E0C}.Debug|Any CPU.Build.0 = Debug|Any CPU
		{6BFE4D55-8FE8-4797-AC87-1B44A8EC9E0C}.Release|Any CPU.ActiveCfg = Release|Any CPU
		{6BFE4D55-8FE8-4797-AC87-1B44A8EC9E0C}.Release|Any CPU.Build.0 = Release|Any CPU
	EndGlobalSection
	GlobalSection(SolutionProperties) = preSolution
		HideSolutionNode = FALSE
	EndGlobalSection
	GlobalSection(ExtensibilityGlobals) = postSolution
		SolutionGuid = {FCCDB635-D979-4B78-B3C1-B84E45AEFAF2}
	EndGlobalSection
EndGlobal
